lockfileVersion: '9.0'

settings:
  autoInstallPeers: true
  excludeLinksFromLockfile: false

importers:

  .:
    devDependencies:
      expect-type:
        specifier: ^0.19.0
        version: 0.19.0
      typescript:
        specifier: ^5.7.0
        version: 5.9.3

  packages/dharma:
    devDependencies:
      expect-type:
        specifier: ^0.19.0
        version: 0.19.0
      typescript:
        specifier: ^5.7.0
        version: 5.9.3

packages:

  expect-type@0.19.0:
    resolution: {integrity: sha512-piv9wz3IrAG4Wnk2A+n2VRCHieAyOSxrRLU872Xo6nyn39kYXKDALk4OcqnvLRnFvkz659CnWC8MWZLuuQnoqg==}
    engines: {node: '>=12.0.0'}

  typescript@5.9.3:
    resolution: {integrity: sha512-jl1vZzPDinLr9eUt3J/t7V6FgNEw9QjvBPdysz9KfQDD41fQrC2Y4vKQdiaUpFT4bXlb1RHhLpp8wtm6M5TgSw==}
    engines: {node: '>=14.17'}
    hasBin: true

snapshots:

  expect-type@0.19.0: {}

  typescript@5.9.3: {}
